
Microsoft Visual Studio Solution File, Format Version 11.00
# Visual Studio 15
Project("{8BC9CEB8-8B4A-11D0-8D11-00A0C91BC942}") = "3d", "3d.vcxproj", "{66DE57FB-6D97-495A-8944-F5A9BBB88A00}"
EndProject
Project("{8BC9CEB8-8B4A-11D0-8D11-00A0C91BC942}") = "asyncio", "asyncio.vcxproj", "{F7F5BE30-89A1-4848-A528-112A79F6D975}"
EndProject
Project("{8BC9CEB8-8B4A-11D0-8D11-00A0C91BC942}") = "channel_groups", "channel_groups.vcxproj", "{CF36CF57-DF00-4563-8ADB-3A00FD94BF02}"
EndProject
Project("{8BC9CEB8-8B4A-11D0-8D11-00A0C91BC942}") = "convolution_reverb", "convolution_reverb.vcxproj", "{80404C4E-6CDA-47C0-8280-DD249800E70A}"
EndProject
Project("{8BC9CEB8-8B4A-11D0-8D11-00A0C91BC942}") = "dsp_custom", "dsp_custom.vcxproj", "{13380CDA-EF71-46E1-BCAF-A02692ACF97B}"
EndProject
Project("{8BC9CEB8-8B4A-11D0-8D11-00A0C91BC942}") = "dsp_effect_per_speaker", "dsp_effect_per_speaker.vcxproj", "{4C6F6A8B-9788-409A-973A-A10C3CFF1DEE}"
EndProject
Project("{8BC9CEB8-8B4A-11D0-8D11-00A0C91BC942}") = "dsp_inspector", "dsp_inspector.vcxproj", "{B9E14339-8FEF-4672-9D50-BBD32B6DC7F6}"
EndProject
Project("{8BC9CEB8-8B4A-11D0-8D11-00A0C91BC942}") = "effects", "effects.vcxproj", "{4897F05E-52DB-4423-83BE-024D1CBC50F1}"
EndProject
Project("{8BC9CEB8-8B4A-11D0-8D11-00A0C91BC942}") = "gapless_playback", "gapless_playback.vcxproj", "{6F54B2F6-C4C3-40AB-AEFF-7B5DE81257C2}"
EndProject
Project("{8BC9CEB8-8B4A-11D0-8D11-00A0C91BC942}") = "generate_tone", "generate_tone.vcxproj", "{0FA361A1-E40D-4FE6-AD9F-1C8BE8A9E775}"
EndProject
Project("{8BC9CEB8-8B4A-11D0-8D11-00A0C91BC942}") = "granular_synth", "granular_synth.vcxproj", "{C3095962-C075-4E65-A663-DDE41EC2E3FB}"
EndProject
Project("{8BC9CEB8-8B4A-11D0-8D11-00A0C91BC942}") = "load_from_memory", "load_from_memory.vcxproj", "{2CD25340-1319-4DE5-A413-BF6F61B822FB}"
EndProject
Project("{8BC9CEB8-8B4A-11D0-8D11-00A0C91BC942}") = "multiple_speaker", "multiple_speaker.vcxproj", "{996AA492-06EE-426B-A5F5-1AA4426579DB}"
EndProject
Project("{8BC9CEB8-8B4A-11D0-8D11-00A0C91BC942}") = "multiple_system", "multiple_system.vcxproj", "{5628BB96-8D4E-4D40-A6F5-5B04D44D879F}"
EndProject
Project("{8BC9CEB8-8B4A-11D0-8D11-00A0C91BC942}") = "net_stream", "net_stream.vcxproj", "{EF0BD8DB-4782-49D8-923F-122300BD088B}"
EndProject
Project("{8BC9CEB8-8B4A-11D0-8D11-00A0C91BC942}") = "play_sound", "play_sound.vcxproj", "{FD23C851-5C5C-4E03-9DE6-BCD198A49421}"
EndProject
Project("{8BC9CEB8-8B4A-11D0-8D11-00A0C91BC942}") = "play_stream", "play_stream.vcxproj", "{153D760A-BD73-4E25-9AA7-BD9569F42A14}"
EndProject
Project("{8BC9CEB8-8B4A-11D0-8D11-00A0C91BC942}") = "record", "record.vcxproj", "{B0437488-9A53-4738-9FD8-15F1A7713E58}"
EndProject
Project("{8BC9CEB8-8B4A-11D0-8D11-00A0C91BC942}") = "record_enumeration", "record_enumeration.vcxproj", "{4C4FE69A-29D0-47F4-AFAD-F3CDEF64B7C4}"
EndProject
Project("{8BC9CEB8-8B4A-11D0-8D11-00A0C91BC942}") = "user_created_sound", "user_created_sound.vcxproj", "{A20203A4-CB02-42EA-81D3-A918746EF4FB}"
EndProject
Project("{8BC9CEB8-8B4A-11D0-8D11-00A0C91BC942}") = "fmod_codec_raw", "fmod_codec_raw.vcxproj", "{6716A1A2-50A5-443A-B746-178C746E8E6F}"
EndProject
Project("{8BC9CEB8-8B4A-11D0-8D11-00A0C91BC942}") = "fmod_distance_filter", "fmod_distance_filter.vcxproj", "{794A7D81-2AC0-434B-AC38-2E69ECA680BC}"
EndProject
Project("{8BC9CEB8-8B4A-11D0-8D11-00A0C91BC942}") = "fmod_gain", "fmod_gain.vcxproj", "{3663998B-8D00-4591-A6BE-E7F0ABA025B4}"
EndProject
Project("{8BC9CEB8-8B4A-11D0-8D11-00A0C91BC942}") = "fmod_noise", "fmod_noise.vcxproj", "{26A62DC1-0B50-4CFB-8610-ED885BFA0802}"
EndProject
Project("{8BC9CEB8-8B4A-11D0-8D11-00A0C91BC942}") = "output_mp3", "output_mp3.vcxproj", "{EA71E96C-9F05-4C14-91E6-194FAA298383}"
EndProject
Global
	GlobalSection(SolutionConfigurationPlatforms) = preSolution
		Debug|Win32 = Debug|Win32
		Debug|x64 = Debug|x64
		Release|Win32 = Release|Win32
		Release|x64 = Release|x64
	EndGlobalSection
	GlobalSection(ProjectConfigurationPlatforms) = postSolution
		{66DE57FB-6D97-495A-8944-F5A9BBB88A00}.Debug|Win32.ActiveCfg = Debug|Win32
		{66DE57FB-6D97-495A-8944-F5A9BBB88A00}.Debug|Win32.Build.0 = Debug|Win32
		{66DE57FB-6D97-495A-8944-F5A9BBB88A00}.Debug|Win32.Deploy.0 = Debug|Win32
		{66DE57FB-6D97-495A-8944-F5A9BBB88A00}.Debug|x64.ActiveCfg = Debug|x64
		{66DE57FB-6D97-495A-8944-F5A9BBB88A00}.Debug|x64.Build.0 = Debug|x64
		{66DE57FB-6D97-495A-8944-F5A9BBB88A00}.Debug|x64.Deploy.0 = Debug|x64
		{66DE57FB-6D97-495A-8944-F5A9BBB88A00}.Release|Win32.ActiveCfg = Release|Win32
		{66DE57FB-6D97-495A-8944-F5A9BBB88A00}.Release|Win32.Build.0 = Release|Win32
		{66DE57FB-6D97-495A-8944-F5A9BBB88A00}.Release|Win32.Deploy.0 = Release|Win32
		{66DE57FB-6D97-495A-8944-F5A9BBB88A00}.Release|x64.ActiveCfg = Release|x64
		{66DE57FB-6D97-495A-8944-F5A9BBB88A00}.Release|x64.Build.0 = Release|x64
		{66DE57FB-6D97-495A-8944-F5A9BBB88A00}.Release|x64.Deploy.0 = Release|x64
		{F7F5BE30-89A1-4848-A528-112A79F6D975}.Debug|Win32.ActiveCfg = Debug|Win32
		{F7F5BE30-89A1-4848-A528-112A79F6D975}.Debug|Win32.Build.0 = Debug|Win32
		{F7F5BE30-89A1-4848-A528-112A79F6D975}.Debug|Win32.Deploy.0 = Debug|Win32
		{F7F5BE30-89A1-4848-A528-112A79F6D975}.Debug|x64.ActiveCfg = Debug|x64
		{F7F5BE30-89A1-4848-A528-112A79F6D975}.Debug|x64.Build.0 = Debug|x64
		{F7F5BE30-89A1-4848-A528-112A79F6D975}.Debug|x64.Deploy.0 = Debug|x64
		{F7F5BE30-89A1-4848-A528-112A79F6D975}.Release|Win32.ActiveCfg = Release|Win32
		{F7F5BE30-89A1-4848-A528-112A79F6D975}.Release|Win32.Build.0 = Release|Win32
		{F7F5BE30-89A1-4848-A528-112A79F6D975}.Release|Win32.Deploy.0 = Release|Win32
		{F7F5BE30-89A1-4848-A528-112A79F6D975}.Release|x64.ActiveCfg = Release|x64
		{F7F5BE30-89A1-4848-A528-112A79F6D975}.Release|x64.Build.0 = Release|x64
		{F7F5BE30-89A1-4848-A528-112A79F6D975}.Release|x64.Deploy.0 = Release|x64
		{CF36CF57-DF00-4563-8ADB-3A00FD94BF02}.Debug|Win32.ActiveCfg = Debug|Win32
		{CF36CF57-DF00-4563-8ADB-3A00FD94BF02}.Debug|Win32.Build.0 = Debug|Win32
		{CF36CF57-DF00-4563-8ADB-3A00FD94BF02}.Debug|Win32.Deploy.0 = Debug|Win32
		{CF36CF57-DF00-4563-8ADB-3A00FD94BF02}.Debug|x64.ActiveCfg = Debug|x64
		{CF36CF57-DF00-4563-8ADB-3A00FD94BF02}.Debug|x64.Build.0 = Debug|x64
		{CF36CF57-DF00-4563-8ADB-3A00FD94BF02}.Debug|x64.Deploy.0 = Debug|x64
		{CF36CF57-DF00-4563-8ADB-3A00FD94BF02}.Release|Win32.ActiveCfg = Release|Win32
		{CF36CF57-DF00-4563-8ADB-3A00FD94BF02}.Release|Win32.Build.0 = Release|Win32
		{CF36CF57-DF00-4563-8ADB-3A00FD94BF02}.Release|Win32.Deploy.0 = Release|Win32
		{CF36CF57-DF00-4563-8ADB-3A00FD94BF02}.Release|x64.ActiveCfg = Release|x64
		{CF36CF57-DF00-4563-8ADB-3A00FD94BF02}.Release|x64.Build.0 = Release|x64
		{CF36CF57-DF00-4563-8ADB-3A00FD94BF02}.Release|x64.Deploy.0 = Release|x64
		{80404C4E-6CDA-47C0-8280-DD249800E70A}.Debug|Win32.ActiveCfg = Debug|Win32
		{80404C4E-6CDA-47C0-8280-DD249800E70A}.Debug|Win32.Build.0 = Debug|Win32
		{80404C4E-6CDA-47C0-8280-DD249800E70A}.Debug|Win32.Deploy.0 = Debug|Win32
		{80404C4E-6CDA-47C0-8280-DD249800E70A}.Debug|x64.ActiveCfg = Debug|x64
		{80404C4E-6CDA-47C0-8280-DD249800E70A}.Debug|x64.Build.0 = Debug|x64
		{80404C4E-6CDA-47C0-8280-DD249800E70A}.Debug|x64.Deploy.0 = Debug|x64
		{80404C4E-6CDA-47C0-8280-DD249800E70A}.Release|Win32.ActiveCfg = Release|Win32
		{80404C4E-6CDA-47C0-8280-DD249800E70A}.Release|Win32.Build.0 = Release|Win32
		{80404C4E-6CDA-47C0-8280-DD249800E70A}.Release|Win32.Deploy.0 = Release|Win32
		{80404C4E-6CDA-47C0-8280-DD249800E70A}.Release|x64.ActiveCfg = Release|x64
		{80404C4E-6CDA-47C0-8280-DD249800E70A}.Release|x64.Build.0 = Release|x64
		{80404C4E-6CDA-47C0-8280-DD249800E70A}.Release|x64.Deploy.0 = Release|x64
		{13380CDA-EF71-46E1-BCAF-A02692ACF97B}.Debug|Win32.ActiveCfg = Debug|Win32
		{13380CDA-EF71-46E1-BCAF-A02692ACF97B}.Debug|Win32.Build.0 = Debug|Win32
		{13380CDA-EF71-46E1-BCAF-A02692ACF97B}.Debug|Win32.Deploy.0 = Debug|Win32
		{13380CDA-EF71-46E1-BCAF-A02692ACF97B}.Debug|x64.ActiveCfg = Debug|x64
		{13380CDA-EF71-46E1-BCAF-A02692ACF97B}.Debug|x64.Build.0 = Debug|x64
		{13380CDA-EF71-46E1-BCAF-A02692ACF97B}.Debug|x64.Deploy.0 = Debug|x64
		{13380CDA-EF71-46E1-BCAF-A02692ACF97B}.Release|Win32.ActiveCfg = Release|Win32
		{13380CDA-EF71-46E1-BCAF-A02692ACF97B}.Release|Win32.Build.0 = Release|Win32
		{13380CDA-EF71-46E1-BCAF-A02692ACF97B}.Release|Win32.Deploy.0 = Release|Win32
		{13380CDA-EF71-46E1-BCAF-A02692ACF97B}.Release|x64.ActiveCfg = Release|x64
		{13380CDA-EF71-46E1-BCAF-A02692ACF97B}.Release|x64.Build.0 = Release|x64
		{13380CDA-EF71-46E1-BCAF-A02692ACF97B}.Release|x64.Deploy.0 = Release|x64
		{4C6F6A8B-9788-409A-973A-A10C3CFF1DEE}.Debug|Win32.ActiveCfg = Debug|Win32
		{4C6F6A8B-9788-409A-973A-A10C3CFF1DEE}.Debug|Win32.Build.0 = Debug|Win32
		{4C6F6A8B-9788-409A-973A-A10C3CFF1DEE}.Debug|Win32.Deploy.0 = Debug|Win32
		{4C6F6A8B-9788-409A-973A-A10C3CFF1DEE}.Debug|x64.ActiveCfg = Debug|x64
		{4C6F6A8B-9788-409A-973A-A10C3CFF1DEE}.Debug|x64.Build.0 = Debug|x64
		{4C6F6A8B-9788-409A-973A-A10C3CFF1DEE}.Debug|x64.Deploy.0 = Debug|x64
		{4C6F6A8B-9788-409A-973A-A10C3CFF1DEE}.Release|Win32.ActiveCfg = Release|Win32
		{4C6F6A8B-9788-409A-973A-A10C3CFF1DEE}.Release|Win32.Build.0 = Release|Win32
		{4C6F6A8B-9788-409A-973A-A10C3CFF1DEE}.Release|Win32.Deploy.0 = Release|Win32
		{4C6F6A8B-9788-409A-973A-A10C3CFF1DEE}.Release|x64.ActiveCfg = Release|x64
		{4C6F6A8B-9788-409A-973A-A10C3CFF1DEE}.Release|x64.Build.0 = Release|x64
		{4C6F6A8B-9788-409A-973A-A10C3CFF1DEE}.Release|x64.Deploy.0 = Release|x64
		{B9E14339-8FEF-4672-9D50-BBD32B6DC7F6}.Debug|Win32.ActiveCfg = Debug|Win32
		{B9E14339-8FEF-4672-9D50-BBD32B6DC7F6}.Debug|Win32.Build.0 = Debug|Win32
		{B9E14339-8FEF-4672-9D50-BBD32B6DC7F6}.Debug|Win32.Deploy.0 = Debug|Win32
		{B9E14339-8FEF-4672-9D50-BBD32B6DC7F6}.Debug|x64.ActiveCfg = Debug|x64
		{B9E14339-8FEF-4672-9D50-BBD32B6DC7F6}.Debug|x64.Build.0 = Debug|x64
		{B9E14339-8FEF-4672-9D50-BBD32B6DC7F6}.Debug|x64.Deploy.0 = Debug|x64
		{B9E14339-8FEF-4672-9D50-BBD32B6DC7F6}.Release|Win32.ActiveCfg = Release|Win32
		{B9E14339-8FEF-4672-9D50-BBD32B6DC7F6}.Release|Win32.Build.0 = Release|Win32
		{B9E14339-8FEF-4672-9D50-BBD32B6DC7F6}.Release|Win32.Deploy.0 = Release|Win32
		{B9E14339-8FEF-4672-9D50-BBD32B6DC7F6}.Release|x64.ActiveCfg = Release|x64
		{B9E14339-8FEF-4672-9D50-BBD32B6DC7F6}.Release|x64.Build.0 = Release|x64
		{B9E14339-8FEF-4672-9D50-BBD32B6DC7F6}.Release|x64.Deploy.0 = Release|x64
		{4897F05E-52DB-4423-83BE-024D1CBC50F1}.Debug|Win32.ActiveCfg = Debug|Win32
		{4897F05E-52DB-4423-83BE-024D1CBC50F1}.Debug|Win32.Build.0 = Debug|Win32
		{4897F05E-52DB-4423-83BE-024D1CBC50F1}.Debug|Win32.Deploy.0 = Debug|Win32
		{4897F05E-52DB-4423-83BE-024D1CBC50F1}.Debug|x64.ActiveCfg = Debug|x64
		{4897F05E-52DB-4423-83BE-024D1CBC50F1}.Debug|x64.Build.0 = Debug|x64
		{4897F05E-52DB-4423-83BE-024D1CBC50F1}.Debug|x64.Deploy.0 = Debug|x64
		{4897F05E-52DB-4423-83BE-024D1CBC50F1}.Release|Win32.ActiveCfg = Release|Win32
		{4897F05E-52DB-4423-83BE-024D1CBC50F1}.Release|Win32.Build.0 = Release|Win32
		{4897F05E-52DB-4423-83BE-024D1CBC50F1}.Release|Win32.Deploy.0 = Release|Win32
		{4897F05E-52DB-4423-83BE-024D1CBC50F1}.Release|x64.ActiveCfg = Release|x64
		{4897F05E-52DB-4423-83BE-024D1CBC50F1}.Release|x64.Build.0 = Release|x64
		{4897F05E-52DB-4423-83BE-024D1CBC50F1}.Release|x64.Deploy.0 = Release|x64
		{6F54B2F6-C4C3-40AB-AEFF-7B5DE81257C2}.Debug|Win32.ActiveCfg = Debug|Win32
		{6F54B2F6-C4C3-40AB-AEFF-7B5DE81257C2}.Debug|Win32.Build.0 = Debug|Win32
		{6F54B2F6-C4C3-40AB-AEFF-7B5DE81257C2}.Debug|Win32.Deploy.0 = Debug|Win32
		{6F54B2F6-C4C3-40AB-AEFF-7B5DE81257C2}.Debug|x64.ActiveCfg = Debug|x64
		{6F54B2F6-C4C3-40AB-AEFF-7B5DE81257C2}.Debug|x64.Build.0 = Debug|x64
		{6F54B2F6-C4C3-40AB-AEFF-7B5DE81257C2}.Debug|x64.Deploy.0 = Debug|x64
		{6F54B2F6-C4C3-40AB-AEFF-7B5DE81257C2}.Release|Win32.ActiveCfg = Release|Win32
		{6F54B2F6-C4C3-40AB-AEFF-7B5DE81257C2}.Release|Win32.Build.0 = Release|Win32
		{6F54B2F6-C4C3-40AB-AEFF-7B5DE81257C2}.Release|Win32.Deploy.0 = Release|Win32
		{6F54B2F6-C4C3-40AB-AEFF-7B5DE81257C2}.Release|x64.ActiveCfg = Release|x64
		{6F54B2F6-C4C3-40AB-AEFF-7B5DE81257C2}.Release|x64.Build.0 = Release|x64
		{6F54B2F6-C4C3-40AB-AEFF-7B5DE81257C2}.Release|x64.Deploy.0 = Release|x64
		{0FA361A1-E40D-4FE6-AD9F-1C8BE8A9E775}.Debug|Win32.ActiveCfg = Debug|Win32
		{0FA361A1-E40D-4FE6-AD9F-1C8BE8A9E775}.Debug|Win32.Build.0 = Debug|Win32
		{0FA361A1-E40D-4FE6-AD9F-1C8BE8A9E775}.Debug|Win32.Deploy.0 = Debug|Win32
		{0FA361A1-E40D-4FE6-AD9F-1C8BE8A9E775}.Debug|x64.ActiveCfg = Debug|x64
		{0FA361A1-E40D-4FE6-AD9F-1C8BE8A9E775}.Debug|x64.Build.0 = Debug|x64
		{0FA361A1-E40D-4FE6-AD9F-1C8BE8A9E775}.Debug|x64.Deploy.0 = Debug|x64
		{0FA361A1-E40D-4FE6-AD9F-1C8BE8A9E775}.Release|Win32.ActiveCfg = Release|Win32
		{0FA361A1-E40D-4FE6-AD9F-1C8BE8A9E775}.Release|Win32.Build.0 = Release|Win32
		{0FA361A1-E40D-4FE6-AD9F-1C8BE8A9E775}.Release|Win32.Deploy.0 = Release|Win32
		{0FA361A1-E40D-4FE6-AD9F-1C8BE8A9E775}.Release|x64.ActiveCfg = Release|x64
		{0FA361A1-E40D-4FE6-AD9F-1C8BE8A9E775}.Release|x64.Build.0 = Release|x64
		{0FA361A1-E40D-4FE6-AD9F-1C8BE8A9E775}.Release|x64.Deploy.0 = Release|x64
		{C3095962-C075-4E65-A663-DDE41EC2E3FB}.Debug|Win32.ActiveCfg = Debug|Win32
		{C3095962-C075-4E65-A663-DDE41EC2E3FB}.Debug|Win32.Build.0 = Debug|Win32
		{C3095962-C075-4E65-A663-DDE41EC2E3FB}.Debug|Win32.Deploy.0 = Debug|Win32
		{C3095962-C075-4E65-A663-DDE41EC2E3FB}.Debug|x64.ActiveCfg = Debug|x64
		{C3095962-C075-4E65-A663-DDE41EC2E3FB}.Debug|x64.Build.0 = Debug|x64
		{C3095962-C075-4E65-A663-DDE41EC2E3FB}.Debug|x64.Deploy.0 = Debug|x64
		{C3095962-C075-4E65-A663-DDE41EC2E3FB}.Release|Win32.ActiveCfg = Release|Win32
		{C3095962-C075-4E65-A663-DDE41EC2E3FB}.Release|Win32.Build.0 = Release|Win32
		{C3095962-C075-4E65-A663-DDE41EC2E3FB}.Release|Win32.Deploy.0 = Release|Win32
		{C3095962-C075-4E65-A663-DDE41EC2E3FB}.Release|x64.ActiveCfg = Release|x64
		{C3095962-C075-4E65-A663-DDE41EC2E3FB}.Release|x64.Build.0 = Release|x64
		{C3095962-C075-4E65-A663-DDE41EC2E3FB}.Release|x64.Deploy.0 = Release|x64
		{2CD25340-1319-4DE5-A413-BF6F61B822FB}.Debug|Win32.ActiveCfg = Debug|Win32
		{2CD25340-1319-4DE5-A413-BF6F61B822FB}.Debug|Win32.Build.0 = Debug|Win32
		{2CD25340-1319-4DE5-A413-BF6F61B822FB}.Debug|Win32.Deploy.0 = Debug|Win32
		{2CD25340-1319-4DE5-A413-BF6F61B822FB}.Debug|x64.ActiveCfg = Debug|x64
		{2CD25340-1319-4DE5-A413-BF6F61B822FB}.Debug|x64.Build.0 = Debug|x64
		{2CD25340-1319-4DE5-A413-BF6F61B822FB}.Debug|x64.Deploy.0 = Debug|x64
		{2CD25340-1319-4DE5-A413-BF6F61B822FB}.Release|Win32.ActiveCfg = Release|Win32
		{2CD25340-1319-4DE5-A413-BF6F61B822FB}.Release|Win32.Build.0 = Release|Win32
		{2CD25340-1319-4DE5-A413-BF6F61B822FB}.Release|Win32.Deploy.0 = Release|Win32
		{2CD25340-1319-4DE5-A413-BF6F61B822FB}.Release|x64.ActiveCfg = Release|x64
		{2CD25340-1319-4DE5-A413-BF6F61B822FB}.Release|x64.Build.0 = Release|x64
		{2CD25340-1319-4DE5-A413-BF6F61B822FB}.Release|x64.Deploy.0 = Release|x64
		{996AA492-06EE-426B-A5F5-1AA4426579DB}.Debug|Win32.ActiveCfg = Debug|Win32
		{996AA492-06EE-426B-A5F5-1AA4426579DB}.Debug|Win32.Build.0 = Debug|Win32
		{996AA492-06EE-426B-A5F5-1AA4426579DB}.Debug|Win32.Deploy.0 = Debug|Win32
		{996AA492-06EE-426B-A5F5-1AA4426579DB}.Debug|x64.ActiveCfg = Debug|x64
		{996AA492-06EE-426B-A5F5-1AA4426579DB}.Debug|x64.Build.0 = Debug|x64
		{996AA492-06EE-426B-A5F5-1AA4426579DB}.Debug|x64.Deploy.0 = Debug|x64
		{996AA492-06EE-426B-A5F5-1AA4426579DB}.Release|Win32.ActiveCfg = Release|Win32
		{996AA492-06EE-426B-A5F5-1AA4426579DB}.Release|Win32.Build.0 = Release|Win32
		{996AA492-06EE-426B-A5F5-1AA4426579DB}.Release|Win32.Deploy.0 = Release|Win32
		{996AA492-06EE-426B-A5F5-1AA4426579DB}.Release|x64.ActiveCfg = Release|x64
		{996AA492-06EE-426B-A5F5-1AA4426579DB}.Release|x64.Build.0 = Release|x64
		{996AA492-06EE-426B-A5F5-1AA4426579DB}.Release|x64.Deploy.0 = Release|x64
		{5628BB96-8D4E-4D40-A6F5-5B04D44D879F}.Debug|Win32.ActiveCfg = Debug|Win32
		{5628BB96-8D4E-4D40-A6F5-5B04D44D879F}.Debug|Win32.Build.0 = Debug|Win32
		{5628BB96-8D4E-4D40-A6F5-5B04D44D879F}.Debug|Win32.Deploy.0 = Debug|Win32
		{5628BB96-8D4E-4D40-A6F5-5B04D44D879F}.Debug|x64.ActiveCfg = Debug|x64
		{5628BB96-8D4E-4D40-A6F5-5B04D44D879F}.Debug|x64.Build.0 = Debug|x64
		{5628BB96-8D4E-4D40-A6F5-5B04D44D879F}.Debug|x64.Deploy.0 = Debug|x64
		{5628BB96-8D4E-4D40-A6F5-5B04D44D879F}.Release|Win32.ActiveCfg = Release|Win32
		{5628BB96-8D4E-4D40-A6F5-5B04D44D879F}.Release|Win32.Build.0 = Release|Win32
		{5628BB96-8D4E-4D40-A6F5-5B04D44D879F}.Release|Win32.Deploy.0 = Release|Win32
		{5628BB96-8D4E-4D40-A6F5-5B04D44D879F}.Release|x64.ActiveCfg = Release|x64
		{5628BB96-8D4E-4D40-A6F5-5B04D44D879F}.Release|x64.Build.0 = Release|x64
		{5628BB96-8D4E-4D40-A6F5-5B04D44D879F}.Release|x64.Deploy.0 = Release|x64
		{EF0BD8DB-4782-49D8-923F-122300BD088B}.Debug|Win32.ActiveCfg = Debug|Win32
		{EF0BD8DB-4782-49D8-923F-122300BD088B}.Debug|Win32.Build.0 = Debug|Win32
		{EF0BD8DB-4782-49D8-923F-122300BD088B}.Debug|Win32.Deploy.0 = Debug|Win32
		{EF0BD8DB-4782-49D8-923F-122300BD088B}.Debug|x64.ActiveCfg = Debug|x64
		{EF0BD8DB-4782-49D8-923F-122300BD088B}.Debug|x64.Build.0 = Debug|x64
		{EF0BD8DB-4782-49D8-923F-122300BD088B}.Debug|x64.Deploy.0 = Debug|x64
		{EF0BD8DB-4782-49D8-923F-122300BD088B}.Release|Win32.ActiveCfg = Release|Win32
		{EF0BD8DB-4782-49D8-923F-122300BD088B}.Release|Win32.Build.0 = Release|Win32
		{EF0BD8DB-4782-49D8-923F-122300BD088B}.Release|Win32.Deploy.0 = Release|Win32
		{EF0BD8DB-4782-49D8-923F-122300BD088B}.Release|x64.ActiveCfg = Release|x64
		{EF0BD8DB-4782-49D8-923F-122300BD088B}.Release|x64.Build.0 = Release|x64
		{EF0BD8DB-4782-49D8-923F-122300BD088B}.Release|x64.Deploy.0 = Release|x64
		{FD23C851-5C5C-4E03-9DE6-BCD198A49421}.Debug|Win32.ActiveCfg = Debug|Win32
		{FD23C851-5C5C-4E03-9DE6-BCD198A49421}.Debug|Win32.Build.0 = Debug|Win32
		{FD23C851-5C5C-4E03-9DE6-BCD198A49421}.Debug|Win32.Deploy.0 = Debug|Win32
		{FD23C851-5C5C-4E03-9DE6-BCD198A49421}.Debug|x64.ActiveCfg = Debug|x64
		{FD23C851-5C5C-4E03-9DE6-BCD198A49421}.Debug|x64.Build.0 = Debug|x64
		{FD23C851-5C5C-4E03-9DE6-BCD198A49421}.Debug|x64.Deploy.0 = Debug|x64
		{FD23C851-5C5C-4E03-9DE6-BCD198A49421}.Release|Win32.ActiveCfg = Release|Win32
		{FD23C851-5C5C-4E03-9DE6-BCD198A49421}.Release|Win32.Build.0 = Release|Win32
		{FD23C851-5C5C-4E03-9DE6-BCD198A49421}.Release|Win32.Deploy.0 = Release|Win32
		{FD23C851-5C5C-4E03-9DE6-BCD198A49421}.Release|x64.ActiveCfg = Release|x64
		{FD23C851-5C5C-4E03-9DE6-BCD198A49421}.Release|x64.Build.0 = Release|x64
		{FD23C851-5C5C-4E03-9DE6-BCD198A49421}.Release|x64.Deploy.0 = Release|x64
		{153D760A-BD73-4E25-9AA7-BD9569F42A14}.Debug|Win32.ActiveCfg = Debug|Win32
		{153D760A-BD73-4E25-9AA7-BD9569F42A14}.Debug|Win32.Build.0 = Debug|Win32
		{153D760A-BD73-4E25-9AA7-BD9569F42A14}.Debug|Win32.Deploy.0 = Debug|Win32
		{153D760A-BD73-4E25-9AA7-BD9569F42A14}.Debug|x64.ActiveCfg = Debug|x64
		{153D760A-BD73-4E25-9AA7-BD9569F42A14}.Debug|x64.Build.0 = Debug|x64
		{153D760A-BD73-4E25-9AA7-BD9569F42A14}.Debug|x64.Deploy.0 = Debug|x64
		{153D760A-BD73-4E25-9AA7-BD9569F42A14}.Release|Win32.ActiveCfg = Release|Win32
		{153D760A-BD73-4E25-9AA7-BD9569F42A14}.Release|Win32.Build.0 = Release|Win32
		{153D760A-BD73-4E25-9AA7-BD9569F42A14}.Release|Win32.Deploy.0 = Release|Win32
		{153D760A-BD73-4E25-9AA7-BD9569F42A14}.Release|x64.ActiveCfg = Release|x64
		{153D760A-BD73-4E25-9AA7-BD9569F42A14}.Release|x64.Build.0 = Release|x64
		{153D760A-BD73-4E25-9AA7-BD9569F42A14}.Release|x64.Deploy.0 = Release|x64
		{B0437488-9A53-4738-9FD8-15F1A7713E58}.Debug|Win32.ActiveCfg = Debug|Win32
		{B0437488-9A53-4738-9FD8-15F1A7713E58}.Debug|Win32.Build.0 = Debug|Win32
		{B0437488-9A53-4738-9FD8-15F1A7713E58}.Debug|Win32.Deploy.0 = Debug|Win32
		{B0437488-9A53-4738-9FD8-15F1A7713E58}.Debug|x64.ActiveCfg = Debug|x64
		{B0437488-9A53-4738-9FD8-15F1A7713E58}.Debug|x64.Build.0 = Debug|x64
		{B0437488-9A53-4738-9FD8-15F1A7713E58}.Debug|x64.Deploy.0 = Debug|x64
		{B0437488-9A53-4738-9FD8-15F1A7713E58}.Release|Win32.ActiveCfg = Release|Win32
		{B0437488-9A53-4738-9FD8-15F1A7713E58}.Release|Win32.Build.0 = Release|Win32
		{B0437488-9A53-4738-9FD8-15F1A7713E58}.Release|Win32.Deploy.0 = Release|Win32
		{B0437488-9A53-4738-9FD8-15F1A7713E58}.Release|x64.ActiveCfg = Release|x64
		{B0437488-9A53-4738-9FD8-15F1A7713E58}.Release|x64.Build.0 = Release|x64
		{B0437488-9A53-4738-9FD8-15F1A7713E58}.Release|x64.Deploy.0 = Release|x64
		{4C4FE69A-29D0-47F4-AFAD-F3CDEF64B7C4}.Debug|Win32.ActiveCfg = Debug|Win32
		{4C4FE69A-29D0-47F4-AFAD-F3CDEF64B7C4}.Debug|Win32.Build.0 = Debug|Win32
		{4C4FE69A-29D0-47F4-AFAD-F3CDEF64B7C4}.Debug|Win32.Deploy.0 = Debug|Win32
		{4C4FE69A-29D0-47F4-AFAD-F3CDEF64B7C4}.Debug|x64.ActiveCfg = Debug|x64
		{4C4FE69A-29D0-47F4-AFAD-F3CDEF64B7C4}.Debug|x64.Build.0 = Debug|x64
		{4C4FE69A-29D0-47F4-AFAD-F3CDEF64B7C4}.Debug|x64.Deploy.0 = Debug|x64
		{4C4FE69A-29D0-47F4-AFAD-F3CDEF64B7C4}.Release|Win32.ActiveCfg = Release|Win32
		{4C4FE69A-29D0-47F4-AFAD-F3CDEF64B7C4}.Release|Win32.Build.0 = Release|Win32
		{4C4FE69A-29D0-47F4-AFAD-F3CDEF64B7C4}.Release|Win32.Deploy.0 = Release|Win32
		{4C4FE69A-29D0-47F4-AFAD-F3CDEF64B7C4}.Release|x64.ActiveCfg = Release|x64
		{4C4FE69A-29D0-47F4-AFAD-F3CDEF64B7C4}.Release|x64.Build.0 = Release|x64
		{4C4FE69A-29D0-47F4-AFAD-F3CDEF64B7C4}.Release|x64.Deploy.0 = Release|x64
		{A20203A4-CB02-42EA-81D3-A918746EF4FB}.Debug|Win32.ActiveCfg = Debug|Win32
		{A20203A4-CB02-42EA-81D3-A918746EF4FB}.Debug|Win32.Build.0 = Debug|Win32
		{A20203A4-CB02-42EA-81D3-A918746EF4FB}.Debug|Win32.Deploy.0 = Debug|Win32
		{A20203A4-CB02-42EA-81D3-A918746EF4FB}.Debug|x64.ActiveCfg = Debug|x64
		{A20203A4-CB02-42EA-81D3-A918746EF4FB}.Debug|x64.Build.0 = Debug|x64
		{A20203A4-CB02-42EA-81D3-A918746EF4FB}.Debug|x64.Deploy.0 = Debug|x64
		{A20203A4-CB02-42EA-81D3-A918746EF4FB}.Release|Win32.ActiveCfg = Release|Win32
		{A20203A4-CB02-42EA-81D3-A918746EF4FB}.Release|Win32.Build.0 = Release|Win32
		{A20203A4-CB02-42EA-81D3-A918746EF4FB}.Release|Win32.Deploy.0 = Release|Win32
		{A20203A4-CB02-42EA-81D3-A918746EF4FB}.Release|x64.ActiveCfg = Release|x64
		{A20203A4-CB02-42EA-81D3-A918746EF4FB}.Release|x64.Build.0 = Release|x64
		{A20203A4-CB02-42EA-81D3-A918746EF4FB}.Release|x64.Deploy.0 = Release|x64
		{6716A1A2-50A5-443A-B746-178C746E8E6F}.Debug|Win32.ActiveCfg = Debug|Win32
		{6716A1A2-50A5-443A-B746-178C746E8E6F}.Debug|Win32.Build.0 = Debug|Win32
		{6716A1A2-50A5-443A-B746-178C746E8E6F}.Debug|Win32.Deploy.0 = Debug|Win32
		{6716A1A2-50A5-443A-B746-178C746E8E6F}.Debug|x64.ActiveCfg = Debug|x64
		{6716A1A2-50A5-443A-B746-178C746E8E6F}.Debug|x64.Build.0 = Debug|x64
		{6716A1A2-50A5-443A-B746-178C746E8E6F}.Debug|x64.Deploy.0 = Debug|x64
		{6716A1A2-50A5-443A-B746-178C746E8E6F}.Release|Win32.ActiveCfg = Release|Win32
		{6716A1A2-50A5-443A-B746-178C746E8E6F}.Release|Win32.Build.0 = Release|Win32
		{6716A1A2-50A5-443A-B746-178C746E8E6F}.Release|Win32.Deploy.0 = Release|Win32
		{6716A1A2-50A5-443A-B746-178C746E8E6F}.Release|x64.ActiveCfg = Release|x64
		{6716A1A2-50A5-443A-B746-178C746E8E6F}.Release|x64.Build.0 = Release|x64
		{6716A1A2-50A5-443A-B746-178C746E8E6F}.Release|x64.Deploy.0 = Release|x64
		{794A7D81-2AC0-434B-AC38-2E69ECA680BC}.Debug|Win32.ActiveCfg = Debug|Win32
		{794A7D81-2AC0-434B-AC38-2E69ECA680BC}.Debug|Win32.Build.0 = Debug|Win32
		{794A7D81-2AC0-434B-AC38-2E69ECA680BC}.Debug|Win32.Deploy.0 = Debug|Win32
		{794A7D81-2AC0-434B-AC38-2E69ECA680BC}.Debug|x64.ActiveCfg = Debug|x64
		{794A7D81-2AC0-434B-AC38-2E69ECA680BC}.Debug|x64.Build.0 = Debug|x64
		{794A7D81-2AC0-434B-AC38-2E69ECA680BC}.Debug|x64.Deploy.0 = Debug|x64
		{794A7D81-2AC0-434B-AC38-2E69ECA680BC}.Release|Win32.ActiveCfg = Release|Win32
		{794A7D81-2AC0-434B-AC38-2E69ECA680BC}.Release|Win32.Build.0 = Release|Win32
		{794A7D81-2AC0-434B-AC38-2E69ECA680BC}.Release|Win32.Deploy.0 = Release|Win32
		{794A7D81-2AC0-434B-AC38-2E69ECA680BC}.Release|x64.ActiveCfg = Release|x64
		{794A7D81-2AC0-434B-AC38-2E69ECA680BC}.Release|x64.Build.0 = Release|x64
		{794A7D81-2AC0-434B-AC38-2E69ECA680BC}.Release|x64.Deploy.0 = Release|x64
		{3663998B-8D00-4591-A6BE-E7F0ABA025B4}.Debug|Win32.ActiveCfg = Debug|Win32
		{3663998B-8D00-4591-A6BE-E7F0ABA025B4}.Debug|Win32.Build.0 = Debug|Win32
		{3663998B-8D00-4591-A6BE-E7F0ABA025B4}.Debug|Win32.Deploy.0 = Debug|Win32
		{3663998B-8D00-4591-A6BE-E7F0ABA025B4}.Debug|x64.ActiveCfg = Debug|x64
		{3663998B-8D00-4591-A6BE-E7F0ABA025B4}.Debug|x64.Build.0 = Debug|x64
		{3663998B-8D00-4591-A6BE-E7F0ABA025B4}.Debug|x64.Deploy.0 = Debug|x64
		{3663998B-8D00-4591-A6BE-E7F0ABA025B4}.Release|Win32.ActiveCfg = Release|Win32
		{3663998B-8D00-4591-A6BE-E7F0ABA025B4}.Release|Win32.Build.0 = Release|Win32
		{3663998B-8D00-4591-A6BE-E7F0ABA025B4}.Release|Win32.Deploy.0 = Release|Win32
		{3663998B-8D00-4591-A6BE-E7F0ABA025B4}.Release|x64.ActiveCfg = Release|x64
		{3663998B-8D00-4591-A6BE-E7F0ABA025B4}.Release|x64.Build.0 = Release|x64
		{3663998B-8D00-4591-A6BE-E7F0ABA025B4}.Release|x64.Deploy.0 = Release|x64
		{26A62DC1-0B50-4CFB-8610-ED885BFA0802}.Debug|Win32.ActiveCfg = Debug|Win32
		{26A62DC1-0B50-4CFB-8610-ED885BFA0802}.Debug|Win32.Build.0 = Debug|Win32
		{26A62DC1-0B50-4CFB-8610-ED885BFA0802}.Debug|Win32.Deploy.0 = Debug|Win32
		{26A62DC1-0B50-4CFB-8610-ED885BFA0802}.Debug|x64.ActiveCfg = Debug|x64
		{26A62DC1-0B50-4CFB-8610-ED885BFA0802}.Debug|x64.Build.0 = Debug|x64
		{26A62DC1-0B50-4CFB-8610-ED885BFA0802}.Debug|x64.Deploy.0 = Debug|x64
		{26A62DC1-0B50-4CFB-8610-ED885BFA0802}.Release|Win32.ActiveCfg = Release|Win32
		{26A62DC1-0B50-4CFB-8610-ED885BFA0802}.Release|Win32.Build.0 = Release|Win32
		{26A62DC1-0B50-4CFB-8610-ED885BFA0802}.Release|Win32.Deploy.0 = Release|Win32
		{26A62DC1-0B50-4CFB-8610-ED885BFA0802}.Release|x64.ActiveCfg = Release|x64
		{26A62DC1-0B50-4CFB-8610-ED885BFA0802}.Release|x64.Build.0 = Release|x64
		{26A62DC1-0B50-4CFB-8610-ED885BFA0802}.Release|x64.Deploy.0 = Release|x64
		{EA71E96C-9F05-4C14-91E6-194FAA298383}.Debug|Win32.ActiveCfg = Debug|Win32
		{EA71E96C-9F05-4C14-91E6-194FAA298383}.Debug|Win32.Build.0 = Debug|Win32
		{EA71E96C-9F05-4C14-91E6-194FAA298383}.Debug|Win32.Deploy.0 = Debug|Win32
		{EA71E96C-9F05-4C14-91E6-194FAA298383}.Debug|x64.ActiveCfg = Debug|x64
		{EA71E96C-9F05-4C14-91E6-194FAA298383}.Debug|x64.Build.0 = Debug|x64
		{EA71E96C-9F05-4C14-91E6-194FAA298383}.Debug|x64.Deploy.0 = Debug|x64
		{EA71E96C-9F05-4C14-91E6-194FAA298383}.Release|Win32.ActiveCfg = Release|Win32
		{EA71E96C-9F05-4C14-91E6-194FAA298383}.Release|Win32.Build.0 = Release|Win32
		{EA71E96C-9F05-4C14-91E6-194FAA298383}.Release|Win32.Deploy.0 = Release|Win32
		{EA71E96C-9F05-4C14-91E6-194FAA298383}.Release|x64.ActiveCfg = Release|x64
		{EA71E96C-9F05-4C14-91E6-194FAA298383}.Release|x64.Build.0 = Release|x64
		{EA71E96C-9F05-4C14-91E6-194FAA298383}.Release|x64.Deploy.0 = Release|x64
	EndGlobalSection
	GlobalSection(SolutionProperties) = preSolution
		HideSolutionNode = FALSE
	EndGlobalSection
EndGlobal
