
Microsoft Visual Studio Solution File, Format Version 12.00
# Visual Studio Version 17
VisualStudioVersion = 17.7.34221.43
MinimumVisualStudioVersion = 10.0.40219.1
Project("{8BC9CEB8-8B4A-11D0-8D11-00A0C91BC942}") = "CG_FinalProject", "CG_FinalProject.vcxproj", "{63F02457-56F9-4493-AB8F-AAA73E1D7C7D}"
EndProject
Global
	GlobalSection(SolutionConfigurationPlatforms) = preSolution
		Debug|x64 = Debug|x64
		Debug|x86 = Debug|x86
		Release|x64 = Release|x64
		Release|x86 = Release|x86
	EndGlobalSection
	GlobalSection(ProjectConfigurationPlatforms) = postSolution
		{63F02457-56F9-4493-AB8F-AAA73E1D7C7D}.Debug|x64.ActiveCfg = Debug|x64
		{63F02457-56F9-4493-AB8F-AAA73E1D7C7D}.Debug|x64.Build.0 = Debug|x64
		{63F02457-56F9-4493-AB8F-AAA73E1D7C7D}.Debug|x86.ActiveCfg = Debug|Win32
		{63F02457-56F9-4493-AB8F-AAA73E1D7C7D}.Debug|x86.Build.0 = Debug|Win32
		{63F02457-56F9-4493-AB8F-AAA73E1D7C7D}.Release|x64.ActiveCfg = Release|x64
		{63F02457-56F9-4493-AB8F-AAA73E1D7C7D}.Release|x64.Build.0 = Release|x64
		{63F02457-56F9-4493-AB8F-AAA73E1D7C7D}.Release|x86.ActiveCfg = Release|Win32
		{63F02457-56F9-4493-AB8F-AAA73E1D7C7D}.Release|x86.Build.0 = Release|Win32
	EndGlobalSection
	GlobalSection(SolutionProperties) = preSolution
		HideSolutionNode = FALSE
	EndGlobalSection
	GlobalSection(ExtensibilityGlobals) = postSolution
		SolutionGuid = {38718088-81D4-4B14-B6E8-5D8092ABB4A9}
	EndGlobalSection
EndGlobal
